
Microsoft Visual Studio Solution File, Format Version 12.00
# Visual Studio Version 17
VisualStudioVersion = 17.3.32922.545
MinimumVisualStudioVersion = 10.0.40219.1
Project("{FAE04EC0-301F-11D3-BF4B-00C04F79EFBC}") = "zadanie5_1", "zadanie5_1\zadanie5_1.csproj", "{133BAD56-9B62-4DA6-A9ED-581DC5F28731}"
EndProject
Global
	GlobalSection(SolutionConfigurationPlatforms) = preSolution
		Debug|Any CPU = Debug|Any CPU
		Release|Any CPU = Release|Any CPU
	EndGlobalSection
	GlobalSection(ProjectConfigurationPlatforms) = postSolution
		{133BAD56-9B62-4DA6-A9ED-581DC5F28731}.Debug|Any CPU.ActiveCfg = Debug|Any CPU
		{133BAD56-9B62-4DA6-A9ED-581DC5F28731}.Debug|Any CPU.Build.0 = Debug|Any CPU
		{133BAD56-9B62-4DA6-A9ED-581DC5F28731}.Release|Any CPU.ActiveCfg = Release|Any CPU
		{133BAD56-9B62-4DA6-A9ED-581DC5F28731}.Release|Any CPU.Build.0 = Release|Any CPU
	EndGlobalSection
	GlobalSection(SolutionProperties) = preSolution
		HideSolutionNode = FALSE
	EndGlobalSection
	GlobalSection(ExtensibilityGlobals) = postSolution
		SolutionGuid = {50049349-85FF-47D9-8DF8-88E7FC3C01EE}
	EndGlobalSection
EndGlobal
