
Microsoft Visual Studio Solution File, Format Version 12.00
# Visual Studio Version 17
VisualStudioVersion = 17.3.32922.545
MinimumVisualStudioVersion = 10.0.40219.1
Project("{FAE04EC0-301F-11D3-BF4B-00C04F79EFBC}") = "zadanie3.2_1", "zadanie3.2_1\zadanie3.2_1.csproj", "{9D229508-009B-4BF3-99B6-224EA18D832E}"
EndProject
Global
	GlobalSection(SolutionConfigurationPlatforms) = preSolution
		Debug|Any CPU = Debug|Any CPU
		Release|Any CPU = Release|Any CPU
	EndGlobalSection
	GlobalSection(ProjectConfigurationPlatforms) = postSolution
		{9D229508-009B-4BF3-99B6-224EA18D832E}.Debug|Any CPU.ActiveCfg = Debug|Any CPU
		{9D229508-009B-4BF3-99B6-224EA18D832E}.Debug|Any CPU.Build.0 = Debug|Any CPU
		{9D229508-009B-4BF3-99B6-224EA18D832E}.Release|Any CPU.ActiveCfg = Release|Any CPU
		{9D229508-009B-4BF3-99B6-224EA18D832E}.Release|Any CPU.Build.0 = Release|Any CPU
	EndGlobalSection
	GlobalSection(SolutionProperties) = preSolution
		HideSolutionNode = FALSE
	EndGlobalSection
	GlobalSection(ExtensibilityGlobals) = postSolution
		SolutionGuid = {72FACA41-2D8B-415A-829D-87B39D86E8AB}
	EndGlobalSection
EndGlobal
