
Microsoft Visual Studio Solution File, Format Version 12.00
# Visual Studio Version 17
VisualStudioVersion = 17.3.32922.545
MinimumVisualStudioVersion = 10.0.40219.1
Project("{FAE04EC0-301F-11D3-BF4B-00C04F79EFBC}") = "zadanie3.1_1", "zadanie3.1_1\zadanie3.1_1.csproj", "{10E035D1-FB64-4549-9FD5-A4501E539C23}"
EndProject
Global
	GlobalSection(SolutionConfigurationPlatforms) = preSolution
		Debug|Any CPU = Debug|Any CPU
		Release|Any CPU = Release|Any CPU
	EndGlobalSection
	GlobalSection(ProjectConfigurationPlatforms) = postSolution
		{10E035D1-FB64-4549-9FD5-A4501E539C23}.Debug|Any CPU.ActiveCfg = Debug|Any CPU
		{10E035D1-FB64-4549-9FD5-A4501E539C23}.Debug|Any CPU.Build.0 = Debug|Any CPU
		{10E035D1-FB64-4549-9FD5-A4501E539C23}.Release|Any CPU.ActiveCfg = Release|Any CPU
		{10E035D1-FB64-4549-9FD5-A4501E539C23}.Release|Any CPU.Build.0 = Release|Any CPU
	EndGlobalSection
	GlobalSection(SolutionProperties) = preSolution
		HideSolutionNode = FALSE
	EndGlobalSection
	GlobalSection(ExtensibilityGlobals) = postSolution
		SolutionGuid = {D287F594-9611-4C74-8A0A-B34A49EE4131}
	EndGlobalSection
EndGlobal
